
Microsoft Visual Studio Solution File, Format Version 12.00
# Visual Studio Version 16
VisualStudioVersion = 16.0.30621.155
MinimumVisualStudioVersion = 10.0.40219.1
Project("{FAE04EC0-301F-11D3-BF4B-00C04F79EFBC}") = "Altın Toplama Oyunu", "Altın Toplama Oyunu\Altın Toplama Oyunu.csproj", "{A868C700-90EC-4418-8C02-C43C7EBADF79}"
EndProject
Global
	GlobalSection(SolutionConfigurationPlatforms) = preSolution
		Debug|Any CPU = Debug|Any CPU
		Release|Any CPU = Release|Any CPU
	EndGlobalSection
	GlobalSection(ProjectConfigurationPlatforms) = postSolution
		{A868C700-90EC-4418-8C02-C43C7EBADF79}.Debug|Any CPU.ActiveCfg = Debug|Any CPU
		{A868C700-90EC-4418-8C02-C43C7EBADF79}.Debug|Any CPU.Build.0 = Debug|Any CPU
		{A868C700-90EC-4418-8C02-C43C7EBADF79}.Release|Any CPU.ActiveCfg = Release|Any CPU
		{A868C700-90EC-4418-8C02-C43C7EBADF79}.Release|Any CPU.Build.0 = Release|Any CPU
	EndGlobalSection
	GlobalSection(SolutionProperties) = preSolution
		HideSolutionNode = FALSE
	EndGlobalSection
	GlobalSection(ExtensibilityGlobals) = postSolution
		SolutionGuid = {921651FB-DCE4-4538-A3C5-C6D531172C54}
	EndGlobalSection
EndGlobal
